
Microsoft Visual Studio Solution File, Format Version 12.00
# Visual Studio Version 17
VisualStudioVersion = 17.8.34408.163
MinimumVisualStudioVersion = 10.0.40219.1
Project("{FAE04EC0-301F-11D3-BF4B-00C04F79EFBC}") = "Setul 3 ex 3", "Setul 3 ex 3.csproj", "{65C79E52-9217-4E5C-9ABE-5F400B99BB05}"
EndProject
Global
	GlobalSection(SolutionConfigurationPlatforms) = preSolution
		Debug|Any CPU = Debug|Any CPU
		Release|Any CPU = Release|Any CPU
	EndGlobalSection
	GlobalSection(ProjectConfigurationPlatforms) = postSolution
		{65C79E52-9217-4E5C-9ABE-5F400B99BB05}.Debug|Any CPU.ActiveCfg = Debug|Any CPU
		{65C79E52-9217-4E5C-9ABE-5F400B99BB05}.Debug|Any CPU.Build.0 = Debug|Any CPU
		{65C79E52-9217-4E5C-9ABE-5F400B99BB05}.Release|Any CPU.ActiveCfg = Release|Any CPU
		{65C79E52-9217-4E5C-9ABE-5F400B99BB05}.Release|Any CPU.Build.0 = Release|Any CPU
	EndGlobalSection
	GlobalSection(SolutionProperties) = preSolution
		HideSolutionNode = FALSE
	EndGlobalSection
	GlobalSection(ExtensibilityGlobals) = postSolution
		SolutionGuid = {25B1EA62-9157-4164-8A22-08148BF2F103}
	EndGlobalSection
EndGlobal
